
Microsoft Visual Studio Solution File, Format Version 12.00
# Visual Studio Version 16
VisualStudioVersion = 16.0.29911.84
MinimumVisualStudioVersion = 10.0.40219.1
Project("{FAE04EC0-301F-11D3-BF4B-00C04F79EFBC}") = "ConsoleKeyPresserTest", "ConsoleKeyPresserTest.csproj", "{A16BB20C-A22B-4389-BA35-92CB5888933D}"
EndProject
Global
	GlobalSection(SolutionConfigurationPlatforms) = preSolution
		Debug|Any CPU = Debug|Any CPU
		Release|Any CPU = Release|Any CPU
	EndGlobalSection
	GlobalSection(ProjectConfigurationPlatforms) = postSolution
		{A16BB20C-A22B-4389-BA35-92CB5888933D}.Debug|Any CPU.ActiveCfg = Debug|Any CPU
		{A16BB20C-A22B-4389-BA35-92CB5888933D}.Debug|Any CPU.Build.0 = Debug|Any CPU
		{A16BB20C-A22B-4389-BA35-92CB5888933D}.Release|Any CPU.ActiveCfg = Release|Any CPU
		{A16BB20C-A22B-4389-BA35-92CB5888933D}.Release|Any CPU.Build.0 = Release|Any CPU
	EndGlobalSection
	GlobalSection(SolutionProperties) = preSolution
		HideSolutionNode = FALSE
	EndGlobalSection
	GlobalSection(ExtensibilityGlobals) = postSolution
		SolutionGuid = {7869DAC4-6F39-4C7E-A589-20781D7D8607}
	EndGlobalSection
EndGlobal
